
Microsoft Visual Studio Solution File, Format Version 12.00
# Visual Studio Version 17
VisualStudioVersion = 17.3.32811.315
MinimumVisualStudioVersion = 10.0.40219.1
Project("{9A19103F-16F7-4668-BE54-9A1E7A4F7556}") = "Ejercicio01", "Ejercicio01\Ejercicio01.csproj", "{3C139E73-246D-4171-87DB-7E331BFEA804}"
EndProject
Project("{9A19103F-16F7-4668-BE54-9A1E7A4F7556}") = "Ejercicio02", "Ejercicio02\Ejercicio02.csproj", "{0CC29494-DCFD-49AB-BBF5-D35AC90EC055}"
EndProject
Project("{9A19103F-16F7-4668-BE54-9A1E7A4F7556}") = "Ejercicio03", "Ejercicio03\Ejercicio03.csproj", "{6F58D7CE-87CD-44D2-8E83-D535A6C11C26}"
EndProject
Project("{9A19103F-16F7-4668-BE54-9A1E7A4F7556}") = "Ejercicio04", "Ejercicio04\Ejercicio04.csproj", "{3B3892DF-2253-46AE-8275-7E88D7461625}"
EndProject
Project("{9A19103F-16F7-4668-BE54-9A1E7A4F7556}") = "Ejercicio06", "Ejercicio06\Ejercicio06.csproj", "{1C7D42A3-C55F-4FD7-AC24-49C9259F1A1A}"
EndProject
Project("{9A19103F-16F7-4668-BE54-9A1E7A4F7556}") = "Ejercicio07", "Ejercicio07\Ejercicio07.csproj", "{18FE8DDE-13FD-4047-A852-4E9738A3942E}"
EndProject
Project("{9A19103F-16F7-4668-BE54-9A1E7A4F7556}") = "Ejercicio08", "Ejercicio08\Ejercicio08.csproj", "{B5B73C42-7542-45DC-B0C2-DA706DAFFE39}"
EndProject
Project("{9A19103F-16F7-4668-BE54-9A1E7A4F7556}") = "Ejercicio05", "Ejercicio05\Ejercicio05.csproj", "{655FB6F7-A881-4C46-AB2E-E499B9887F31}"
EndProject
Project("{9A19103F-16F7-4668-BE54-9A1E7A4F7556}") = "Ejercicio11", "Ejercicio11\Ejercicio11.csproj", "{00C7F345-C11B-4D22-88E0-E1FC825F5142}"
EndProject
Project("{9A19103F-16F7-4668-BE54-9A1E7A4F7556}") = "Ejercicio12", "Ejercicio12\Ejercicio12.csproj", "{A66EB375-C882-4299-8AB6-B68B0EE6B34D}"
EndProject
Project("{9A19103F-16F7-4668-BE54-9A1E7A4F7556}") = "Ejercicio13", "Ejercicio13\Ejercicio13.csproj", "{6C16D04B-70B3-4245-8E9E-1E9419CDD15E}"
EndProject
Project("{9A19103F-16F7-4668-BE54-9A1E7A4F7556}") = "Ejercicio14", "Ejercicio14\Ejercicio14.csproj", "{FE2B2615-D46A-46AB-8873-9FF880876508}"
EndProject
Project("{9A19103F-16F7-4668-BE54-9A1E7A4F7556}") = "Ejercicio15", "Ejercicio15\Ejercicio15.csproj", "{D0436632-A060-47C9-840E-AE208633953B}"
EndProject
Project("{9A19103F-16F7-4668-BE54-9A1E7A4F7556}") = "Ejercicio16", "Ejercicio16\Ejercicio16.csproj", "{69299F98-F54C-40E8-AAAA-895870A30855}"
EndProject
Project("{9A19103F-16F7-4668-BE54-9A1E7A4F7556}") = "Ejercicio17", "Ejercicio17\Ejercicio17.csproj", "{E92FD3B5-E92D-4CC3-BFCE-50F7CAA99261}"
EndProject
Project("{9A19103F-16F7-4668-BE54-9A1E7A4F7556}") = "Entidades", "Entidades\Entidades.csproj", "{986639C6-3EE4-45AA-B460-1C5F0AE723B9}"
EndProject
Project("{9A19103F-16F7-4668-BE54-9A1E7A4F7556}") = "Ejercicio18", "Ejercicio18\Ejercicio18.csproj", "{8D8B64CF-25CB-494E-9369-1303B473F975}"
EndProject
Project("{FAE04EC0-301F-11D3-BF4B-00C04F79EFBC}") = "Ejercicio19", "Ejercicio19\Ejercicio19.csproj", "{F4DCFA1A-2349-428C-90E7-BE4D9D3C89AB}"
EndProject
Project("{FAE04EC0-301F-11D3-BF4B-00C04F79EFBC}") = "Ejercicio20", "Ejercicio20\Ejercicio20.csproj", "{7AC8B90F-9B77-4BBC-A1B3-474A6B31BC41}"
EndProject
Project("{FAE04EC0-301F-11D3-BF4B-00C04F79EFBC}") = "Billetes", "Billetes\Billetes.csproj", "{000C1EB8-9B70-4F55-8559-C1822568E0CB}"
EndProject
Global
	GlobalSection(SolutionConfigurationPlatforms) = preSolution
		Debug|Any CPU = Debug|Any CPU
		Release|Any CPU = Release|Any CPU
	EndGlobalSection
	GlobalSection(ProjectConfigurationPlatforms) = postSolution
		{3C139E73-246D-4171-87DB-7E331BFEA804}.Debug|Any CPU.ActiveCfg = Debug|Any CPU
		{3C139E73-246D-4171-87DB-7E331BFEA804}.Debug|Any CPU.Build.0 = Debug|Any CPU
		{3C139E73-246D-4171-87DB-7E331BFEA804}.Release|Any CPU.ActiveCfg = Release|Any CPU
		{3C139E73-246D-4171-87DB-7E331BFEA804}.Release|Any CPU.Build.0 = Release|Any CPU
		{0CC29494-DCFD-49AB-BBF5-D35AC90EC055}.Debug|Any CPU.ActiveCfg = Debug|Any CPU
		{0CC29494-DCFD-49AB-BBF5-D35AC90EC055}.Debug|Any CPU.Build.0 = Debug|Any CPU
		{0CC29494-DCFD-49AB-BBF5-D35AC90EC055}.Release|Any CPU.ActiveCfg = Release|Any CPU
		{0CC29494-DCFD-49AB-BBF5-D35AC90EC055}.Release|Any CPU.Build.0 = Release|Any CPU
		{6F58D7CE-87CD-44D2-8E83-D535A6C11C26}.Debug|Any CPU.ActiveCfg = Debug|Any CPU
		{6F58D7CE-87CD-44D2-8E83-D535A6C11C26}.Debug|Any CPU.Build.0 = Debug|Any CPU
		{6F58D7CE-87CD-44D2-8E83-D535A6C11C26}.Release|Any CPU.ActiveCfg = Release|Any CPU
		{6F58D7CE-87CD-44D2-8E83-D535A6C11C26}.Release|Any CPU.Build.0 = Release|Any CPU
		{3B3892DF-2253-46AE-8275-7E88D7461625}.Debug|Any CPU.ActiveCfg = Debug|Any CPU
		{3B3892DF-2253-46AE-8275-7E88D7461625}.Debug|Any CPU.Build.0 = Debug|Any CPU
		{3B3892DF-2253-46AE-8275-7E88D7461625}.Release|Any CPU.ActiveCfg = Release|Any CPU
		{3B3892DF-2253-46AE-8275-7E88D7461625}.Release|Any CPU.Build.0 = Release|Any CPU
		{1C7D42A3-C55F-4FD7-AC24-49C9259F1A1A}.Debug|Any CPU.ActiveCfg = Debug|Any CPU
		{1C7D42A3-C55F-4FD7-AC24-49C9259F1A1A}.Debug|Any CPU.Build.0 = Debug|Any CPU
		{1C7D42A3-C55F-4FD7-AC24-49C9259F1A1A}.Release|Any CPU.ActiveCfg = Release|Any CPU
		{1C7D42A3-C55F-4FD7-AC24-49C9259F1A1A}.Release|Any CPU.Build.0 = Release|Any CPU
		{18FE8DDE-13FD-4047-A852-4E9738A3942E}.Debug|Any CPU.ActiveCfg = Debug|Any CPU
		{18FE8DDE-13FD-4047-A852-4E9738A3942E}.Debug|Any CPU.Build.0 = Debug|Any CPU
		{18FE8DDE-13FD-4047-A852-4E9738A3942E}.Release|Any CPU.ActiveCfg = Release|Any CPU
		{18FE8DDE-13FD-4047-A852-4E9738A3942E}.Release|Any CPU.Build.0 = Release|Any CPU
		{B5B73C42-7542-45DC-B0C2-DA706DAFFE39}.Debug|Any CPU.ActiveCfg = Debug|Any CPU
		{B5B73C42-7542-45DC-B0C2-DA706DAFFE39}.Debug|Any CPU.Build.0 = Debug|Any CPU
		{B5B73C42-7542-45DC-B0C2-DA706DAFFE39}.Release|Any CPU.ActiveCfg = Release|Any CPU
		{B5B73C42-7542-45DC-B0C2-DA706DAFFE39}.Release|Any CPU.Build.0 = Release|Any CPU
		{655FB6F7-A881-4C46-AB2E-E499B9887F31}.Debug|Any CPU.ActiveCfg = Debug|Any CPU
		{655FB6F7-A881-4C46-AB2E-E499B9887F31}.Debug|Any CPU.Build.0 = Debug|Any CPU
		{655FB6F7-A881-4C46-AB2E-E499B9887F31}.Release|Any CPU.ActiveCfg = Release|Any CPU
		{655FB6F7-A881-4C46-AB2E-E499B9887F31}.Release|Any CPU.Build.0 = Release|Any CPU
		{00C7F345-C11B-4D22-88E0-E1FC825F5142}.Debug|Any CPU.ActiveCfg = Debug|Any CPU
		{00C7F345-C11B-4D22-88E0-E1FC825F5142}.Debug|Any CPU.Build.0 = Debug|Any CPU
		{00C7F345-C11B-4D22-88E0-E1FC825F5142}.Release|Any CPU.ActiveCfg = Release|Any CPU
		{00C7F345-C11B-4D22-88E0-E1FC825F5142}.Release|Any CPU.Build.0 = Release|Any CPU
		{A66EB375-C882-4299-8AB6-B68B0EE6B34D}.Debug|Any CPU.ActiveCfg = Debug|Any CPU
		{A66EB375-C882-4299-8AB6-B68B0EE6B34D}.Debug|Any CPU.Build.0 = Debug|Any CPU
		{A66EB375-C882-4299-8AB6-B68B0EE6B34D}.Release|Any CPU.ActiveCfg = Release|Any CPU
		{A66EB375-C882-4299-8AB6-B68B0EE6B34D}.Release|Any CPU.Build.0 = Release|Any CPU
		{6C16D04B-70B3-4245-8E9E-1E9419CDD15E}.Debug|Any CPU.ActiveCfg = Debug|Any CPU
		{6C16D04B-70B3-4245-8E9E-1E9419CDD15E}.Debug|Any CPU.Build.0 = Debug|Any CPU
		{6C16D04B-70B3-4245-8E9E-1E9419CDD15E}.Release|Any CPU.ActiveCfg = Release|Any CPU
		{6C16D04B-70B3-4245-8E9E-1E9419CDD15E}.Release|Any CPU.Build.0 = Release|Any CPU
		{FE2B2615-D46A-46AB-8873-9FF880876508}.Debug|Any CPU.ActiveCfg = Debug|Any CPU
		{FE2B2615-D46A-46AB-8873-9FF880876508}.Debug|Any CPU.Build.0 = Debug|Any CPU
		{FE2B2615-D46A-46AB-8873-9FF880876508}.Release|Any CPU.ActiveCfg = Release|Any CPU
		{FE2B2615-D46A-46AB-8873-9FF880876508}.Release|Any CPU.Build.0 = Release|Any CPU
		{D0436632-A060-47C9-840E-AE208633953B}.Debug|Any CPU.ActiveCfg = Debug|Any CPU
		{D0436632-A060-47C9-840E-AE208633953B}.Debug|Any CPU.Build.0 = Debug|Any CPU
		{D0436632-A060-47C9-840E-AE208633953B}.Release|Any CPU.ActiveCfg = Release|Any CPU
		{D0436632-A060-47C9-840E-AE208633953B}.Release|Any CPU.Build.0 = Release|Any CPU
		{69299F98-F54C-40E8-AAAA-895870A30855}.Debug|Any CPU.ActiveCfg = Debug|Any CPU
		{69299F98-F54C-40E8-AAAA-895870A30855}.Debug|Any CPU.Build.0 = Debug|Any CPU
		{69299F98-F54C-40E8-AAAA-895870A30855}.Release|Any CPU.ActiveCfg = Release|Any CPU
		{69299F98-F54C-40E8-AAAA-895870A30855}.Release|Any CPU.Build.0 = Release|Any CPU
		{E92FD3B5-E92D-4CC3-BFCE-50F7CAA99261}.Debug|Any CPU.ActiveCfg = Debug|Any CPU
		{E92FD3B5-E92D-4CC3-BFCE-50F7CAA99261}.Debug|Any CPU.Build.0 = Debug|Any CPU
		{E92FD3B5-E92D-4CC3-BFCE-50F7CAA99261}.Release|Any CPU.ActiveCfg = Release|Any CPU
		{E92FD3B5-E92D-4CC3-BFCE-50F7CAA99261}.Release|Any CPU.Build.0 = Release|Any CPU
		{986639C6-3EE4-45AA-B460-1C5F0AE723B9}.Debug|Any CPU.ActiveCfg = Debug|Any CPU
		{986639C6-3EE4-45AA-B460-1C5F0AE723B9}.Debug|Any CPU.Build.0 = Debug|Any CPU
		{986639C6-3EE4-45AA-B460-1C5F0AE723B9}.Release|Any CPU.ActiveCfg = Release|Any CPU
		{986639C6-3EE4-45AA-B460-1C5F0AE723B9}.Release|Any CPU.Build.0 = Release|Any CPU
		{8D8B64CF-25CB-494E-9369-1303B473F975}.Debug|Any CPU.ActiveCfg = Debug|Any CPU
		{8D8B64CF-25CB-494E-9369-1303B473F975}.Debug|Any CPU.Build.0 = Debug|Any CPU
		{8D8B64CF-25CB-494E-9369-1303B473F975}.Release|Any CPU.ActiveCfg = Release|Any CPU
		{8D8B64CF-25CB-494E-9369-1303B473F975}.Release|Any CPU.Build.0 = Release|Any CPU
		{F4DCFA1A-2349-428C-90E7-BE4D9D3C89AB}.Debug|Any CPU.ActiveCfg = Debug|Any CPU
		{F4DCFA1A-2349-428C-90E7-BE4D9D3C89AB}.Debug|Any CPU.Build.0 = Debug|Any CPU
		{F4DCFA1A-2349-428C-90E7-BE4D9D3C89AB}.Release|Any CPU.ActiveCfg = Release|Any CPU
		{F4DCFA1A-2349-428C-90E7-BE4D9D3C89AB}.Release|Any CPU.Build.0 = Release|Any CPU
		{7AC8B90F-9B77-4BBC-A1B3-474A6B31BC41}.Debug|Any CPU.ActiveCfg = Debug|Any CPU
		{7AC8B90F-9B77-4BBC-A1B3-474A6B31BC41}.Debug|Any CPU.Build.0 = Debug|Any CPU
		{7AC8B90F-9B77-4BBC-A1B3-474A6B31BC41}.Release|Any CPU.ActiveCfg = Release|Any CPU
		{7AC8B90F-9B77-4BBC-A1B3-474A6B31BC41}.Release|Any CPU.Build.0 = Release|Any CPU
		{000C1EB8-9B70-4F55-8559-C1822568E0CB}.Debug|Any CPU.ActiveCfg = Debug|Any CPU
		{000C1EB8-9B70-4F55-8559-C1822568E0CB}.Debug|Any CPU.Build.0 = Debug|Any CPU
		{000C1EB8-9B70-4F55-8559-C1822568E0CB}.Release|Any CPU.ActiveCfg = Release|Any CPU
		{000C1EB8-9B70-4F55-8559-C1822568E0CB}.Release|Any CPU.Build.0 = Release|Any CPU
	EndGlobalSection
	GlobalSection(SolutionProperties) = preSolution
		HideSolutionNode = FALSE
	EndGlobalSection
	GlobalSection(ExtensibilityGlobals) = postSolution
		SolutionGuid = {4A029763-8716-4CE0-81AB-69AEC72DC64C}
	EndGlobalSection
EndGlobal
